
Microsoft Visual Studio Solution File, Format Version 12.00
# Visual Studio 2012
Project("{FAE04EC0-301F-11D3-BF4B-00C04F79EFBC}") = "Game", "Game\Game.csproj", "{E55A0F45-E4E8-41A1-8EFA-39EA8D5E1493}"
EndProject
Project("{2150E333-8FDC-42A3-9474-1A3956D46DE8}") = ".nuget", ".nuget", "{6DE1B63C-E673-4F6E-8E30-B8C72BD91D10}"
	ProjectSection(SolutionItems) = preProject
		.nuget\NuGet.Config = .nuget\NuGet.Config
		.nuget\NuGet.exe = .nuget\NuGet.exe
		.nuget\NuGet.targets = .nuget\NuGet.targets
	EndProjectSection
EndProject
Global
	GlobalSection(SolutionConfigurationPlatforms) = preSolution
		Debug|Any CPU = Debug|Any CPU
		Release|Any CPU = Release|Any CPU
	EndGlobalSection
	GlobalSection(ProjectConfigurationPlatforms) = postSolution
		{E55A0F45-E4E8-41A1-8EFA-39EA8D5E1493}.Debug|Any CPU.ActiveCfg = Debug|Any CPU
		{E55A0F45-E4E8-41A1-8EFA-39EA8D5E1493}.Debug|Any CPU.Build.0 = Debug|Any CPU
		{E55A0F45-E4E8-41A1-8EFA-39EA8D5E1493}.Release|Any CPU.ActiveCfg = Release|Any CPU
		{E55A0F45-E4E8-41A1-8EFA-39EA8D5E1493}.Release|Any CPU.Build.0 = Release|Any CPU
	EndGlobalSection
	GlobalSection(SolutionProperties) = preSolution
		HideSolutionNode = FALSE
	EndGlobalSection
EndGlobal
